
Microsoft Visual Studio Solution File, Format Version 12.00
# Visual Studio 15
Project("{FAE04EC0-301F-11D3-BF4B-00C04F79EFBC}") = "Physics_Project1", "Physics_Project1.csproj", "{66A65AB3-D57D-08DB-E61B-F2C72605FBBB}"
EndProject
Global
	GlobalSection(SolutionConfigurationPlatforms) = preSolution
		Debug|Any CPU = Debug|Any CPU
		Release|Any CPU = Release|Any CPU
	EndGlobalSection
	GlobalSection(ProjectConfigurationPlatforms) = postSolution
		{66A65AB3-D57D-08DB-E61B-F2C72605FBBB}.Debug|Any CPU.ActiveCfg = Debug|Any CPU
		{66A65AB3-D57D-08DB-E61B-F2C72605FBBB}.Debug|Any CPU.Build.0 = Debug|Any CPU
		{66A65AB3-D57D-08DB-E61B-F2C72605FBBB}.Release|Any CPU.ActiveCfg = Release|Any CPU
		{66A65AB3-D57D-08DB-E61B-F2C72605FBBB}.Release|Any CPU.Build.0 = Release|Any CPU
	EndGlobalSection
	GlobalSection(SolutionProperties) = preSolution
		HideSolutionNode = FALSE
	EndGlobalSection
EndGlobal
